
Microsoft Visual Studio Solution File, Format Version 12.00
# Visual Studio Version 17
VisualStudioVersion = 17.5.33424.131
MinimumVisualStudioVersion = 10.0.40219.1
Project("{FAE04EC0-301F-11D3-BF4B-00C04F79EFBC}") = "SD2_WS2_Annotation_Assignment", "SD2_WS2_Annotation_Assignment.csproj", "{4C4BE9DC-A4AA-4838-B479-485B0E2B3579}"
EndProject
Global
	GlobalSection(SolutionConfigurationPlatforms) = preSolution
		Debug|Any CPU = Debug|Any CPU
		Release|Any CPU = Release|Any CPU
	EndGlobalSection
	GlobalSection(ProjectConfigurationPlatforms) = postSolution
		{4C4BE9DC-A4AA-4838-B479-485B0E2B3579}.Debug|Any CPU.ActiveCfg = Debug|Any CPU
		{4C4BE9DC-A4AA-4838-B479-485B0E2B3579}.Debug|Any CPU.Build.0 = Debug|Any CPU
		{4C4BE9DC-A4AA-4838-B479-485B0E2B3579}.Release|Any CPU.ActiveCfg = Release|Any CPU
		{4C4BE9DC-A4AA-4838-B479-485B0E2B3579}.Release|Any CPU.Build.0 = Release|Any CPU
	EndGlobalSection
	GlobalSection(SolutionProperties) = preSolution
		HideSolutionNode = FALSE
	EndGlobalSection
	GlobalSection(ExtensibilityGlobals) = postSolution
		SolutionGuid = {0CCA2825-3D53-4452-8D7C-01363AA333C8}
	EndGlobalSection
EndGlobal
